Microsoft Visual Studio Solution File, Format Version 12.00
# Visual Studio Version 17
VisualStudioVersion = 17.13.35825.156
MinimumVisualStudioVersion = 10.0.40219.1
Project("{FAE04EC0-301F-11D3-BF4B-00C04F79EFBC}") = "anzhela_crm", "anzhela_crm\anzhela_crm.csproj", "{A10A2AA3-2D4F-461B-B3AC-82B59F60EC2E}"
EndProject
Global
	GlobalSection(SolutionConfigurationPlatforms) = preSolution
		Debug|Any CPU = Debug|Any CPU
		Release|Any CPU = Release|Any CPU
	EndGlobalSection
	GlobalSection(ProjectConfigurationPlatforms) = postSolution
		{A10A2AA3-2D4F-461B-B3AC-82B59F60EC2E}.Debug|Any CPU.ActiveCfg = Debug|Any CPU
		{A10A2AA3-2D4F-461B-B3AC-82B59F60EC2E}.Debug|Any CPU.Build.0 = Debug|Any CPU
		{A10A2AA3-2D4F-461B-B3AC-82B59F60EC2E}.Release|Any CPU.ActiveCfg = Release|Any CPU
		{A10A2AA3-2D4F-461B-B3AC-82B59F60EC2E}.Release|Any CPU.Build.0 = Release|Any CPU
	EndGlobalSection
	GlobalSection(SolutionProperties) = preSolution
		HideSolutionNode = FALSE
	EndGlobalSection
	GlobalSection(ExtensibilityGlobals) = postSolution
		SolutionGuid = {2F1E4704-5CBE-4F6C-A477-0497763DA361}
	EndGlobalSection
EndGlobal
